// !$*UTF8*$!
{
	archiveVersion = 1;
	classes = {
	};
	objectVersion = 51;
	objects = {

/* Begin PBXBuildFile section */
		27DF8F074150C18A4EE019CA /* Pods_FirebaseTutorial.framework in Frameworks */ = {isa = PBXBuildFile; fileRef = F3226EB237A80D6DEE65212E /* Pods_FirebaseTutorial.framework */; };
		82011F4124289B14004FAFF0 /* GoogleService-Info.plist in Resources */ = {isa = PBXBuildFile; fileRef = 82011F4024289B14004FAFF0 /* GoogleService-Info.plist */; };
		828E818A2428842500DF3051 /* AppDelegate.swift in Sources */ = {isa = PBXBuildFile; fileRef = 828E81892428842500DF3051 /* AppDelegate.swift */; };
		828E818C2428842500DF3051 /* SceneDelegate.swift in Sources */ = {isa = PBXBuildFile; fileRef = 828E818B2428842500DF3051 /* SceneDelegate.swift */; };
		828E818E2428842500DF3051 /* ContentView.swift in Sources */ = {isa = PBXBuildFile; fileRef = 828E818D2428842500DF3051 /* ContentView.swift */; };
		828E81902428842700DF3051 /* Assets.xcassets in Resources */ = {isa = PBXBuildFile; fileRef = 828E818F2428842700DF3051 /* Assets.xcassets */; };
		828E81932428842700DF3051 /* Preview Assets.xcassets in Resources */ = {isa = PBXBuildFile; fileRef = 828E81922428842700DF3051 /* Preview Assets.xcassets */; };
		828E81962428842700DF3051 /* LaunchScreen.storyboard in Resources */ = {isa = PBXBuildFile; fileRef = 828E81942428842700DF3051 /* LaunchScreen.storyboard */; };
/* End PBXBuildFile section */

/* Begin PBXFileReference section */
		53B4057FDA3B48B84BBFFC46 /* Pods-FirebaseTutorial.debug.xcconfig */ = {isa = PBXFileReference; includeInIndex = 1; lastKnownFileType = text.xcconfig; name = "Pods-FirebaseTutorial.debug.xcconfig"; path = "Target Support Files/Pods-FirebaseTutorial/Pods-FirebaseTutorial.debug.xcconfig"; sourceTree = "<group>"; };
		82011F4024289B14004FAFF0 /* GoogleService-Info.plist */ = {isa = PBXFileReference; fileEncoding = 4; lastKnownFileType = text.plist.xml; name = "GoogleService-Info.plist"; path = "FirebaseTutorial/GoogleService-Info.plist"; sourceTree = "<group>"; };
		828E81862428842500DF3051 /* FirebaseTutorial.app */ = {isa = PBXFileReference; explicitFileType = wrapper.application; includeInIndex = 0; path = FirebaseTutorial.app; sourceTree = BUILT_PRODUCTS_DIR; };
		828E81892428842500DF3051 /* AppDelegate.swift */ = {isa = PBXFileReference; lastKnownFileType = sourcecode.swift; path = AppDelegate.swift; sourceTree = "<group>"; };
		828E818B2428842500DF3051 /* SceneDelegate.swift */ = {isa = PBXFileReference; lastKnownFileType = sourcecode.swift; path = SceneDelegate.swift; sourceTree = "<group>"; };
		828E818D2428842500DF3051 /* ContentView.swift */ = {isa = PBXFileReference; lastKnownFileType = sourcecode.swift; path = ContentView.swift; sourceTree = "<group>"; };
		828E818F2428842700DF3051 /* Assets.xcassets */ = {isa = PBXFileReference; lastKnownFileType = folder.assetcatalog; path = Assets.xcassets; sourceTree = "<group>"; };
		828E81922428842700DF3051 /* Preview Assets.xcassets */ = {isa = PBXFileReference; lastKnownFileType = folder.assetcatalog; path = "Preview Assets.xcassets"; sourceTree = "<group>"; };
		828E81952428842700DF3051 /* Base */ = {isa = PBXFileReference; lastKnownFileType = file.storyboard; name = Base; path = Base.lproj/LaunchScreen.storyboard; sourceTree = "<group>"; };
		828E81972428842700DF3051 /* Info.plist */ = {isa = PBXFileReference; lastKnownFileType = text.plist.xml; path = Info.plist; sourceTree = "<group>"; };
		DD95F52725232653A4403D99 /* Pods-FirebaseTutorial.release.xcconfig */ = {isa = PBXFileReference; includeInIndex = 1; lastKnownFileType = text.xcconfig; name = "Pods-FirebaseTutorial.release.xcconfig"; path = "Target Support Files/Pods-FirebaseTutorial/Pods-FirebaseTutorial.release.xcconfig"; sourceTree = "<group>"; };
		F3226EB237A80D6DEE65212E /* Pods_FirebaseTutorial.framework */ = {isa = PBXFileReference; explicitFileType = wrapper.framework; includeInIndex = 0; path = Pods_FirebaseTutorial.framework; sourceTree = BUILT_PRODUCTS_DIR; };
/* End PBXFileReference section */

/* Begin PBXFrameworksBuildPhase section */
		828E81832428842500DF3051 /* Frameworks */ = {
			isa = PBXFrameworksBuildPhase;
			buildActionMask = 2147483647;
			files = (
				27DF8F074150C18A4EE019CA /* Pods_FirebaseTutorial.framework in Frameworks */,
			);
			runOnlyForDeploymentPostprocessing = 0;
		};
/* End PBXFrameworksBuildPhase section */

/* Begin PBXGroup section */
		7AE65958ABBAA2A558095DBA /* Frameworks */ = {
			isa = PBXGroup;
			children = (
				F3226EB237A80D6DEE65212E /* Pods_FirebaseTutorial.framework */,
			);
			name = Frameworks;
			sourceTree = "<group>";
		};
		828E817D2428842500DF3051 = {
			isa = PBXGroup;
			children = (
				82011F4024289B14004FAFF0 /* GoogleService-Info.plist */,
				828E81882428842500DF3051 /* FirebaseTutorial */,
				828E81872428842500DF3051 /* Products */,
				AAB2A341367DA0BAA7A169C3 /* Pods */,
				7AE65958ABBAA2A558095DBA /* Frameworks */,
			);
			sourceTree = "<group>";
		};
		828E81872428842500DF3051 /* Products */ = {
			isa = PBXGroup;
			children = (
				828E81862428842500DF3051 /* FirebaseTutorial.app */,
			);
			name = Products;
			sourceTree = "<group>";
		};
		828E81882428842500DF3051 /* FirebaseTutorial */ = {
			isa = PBXGroup;
			children = (
				828E81892428842500DF3051 /* AppDelegate.swift */,
				828E818B2428842500DF3051 /* SceneDelegate.swift */,
				828E818D2428842500DF3051 /* ContentView.swift */,
				828E818F2428842700DF3051 /* Assets.xcassets */,
				828E81942428842700DF3051 /* LaunchScreen.storyboard */,
				828E81972428842700DF3051 /* Info.plist */,
				828E81912428842700DF3051 /* Preview Content */,
			);
			path = FirebaseTutorial;
			sourceTree = "<group>";
		};
		828E81912428842700DF3051 /* Preview Content */ = {
			isa = PBXGroup;
			children = (
				828E81922428842700DF3051 /* Preview Assets.xcassets */,
			);
			path = "Preview Content";
			sourceTree = "<group>";
		};
		AAB2A341367DA0BAA7A169C3 /* Pods */ = {
			isa = PBXGroup;
			children = (
				53B4057FDA3B48B84BBFFC46 /* Pods-FirebaseTutorial.debug.xcconfig */,
				DD95F52725232653A4403D99 /* Pods-FirebaseTutorial.release.xcconfig */,
			);
			path = Pods;
			sourceTree = "<group>";
		};
/* End PBXGroup section */

/* Begin PBXNativeTarget section */
		828E81852428842500DF3051 /* FirebaseTutorial */ = {
			isa = PBXNativeTarget;
			buildConfigurationList = 828E819A2428842700DF3051 /* Build configuration list for PBXNativeTarget "FirebaseTutorial" */;
			buildPhases = (
				2E6C064052E00DB8DD67D279 /* [CP] Check Pods Manifest.lock */,
				828E81822428842500DF3051 /* Sources */,
				828E81832428842500DF3051 /* Frameworks */,
				828E81842428842500DF3051 /* Resources */,
				629C465AD320E5AB0663E00A /* [CP] Embed Pods Frameworks */,
			);
			buildRules = (
			);
			dependencies = (
			);
			name = FirebaseTutorial;
			productName = FirebaseTutorial;
			productReference = 828E81862428842500DF3051 /* FirebaseTutorial.app */;
			productType = "com.apple.product-type.application";
		};
/* End PBXNativeTarget section */

/* Begin PBXProject section */
		828E817E2428842500DF3051 /* Project object */ = {
			isa = PBXProject;
			attributes = {
				LastSwiftUpdateCheck = 1130;
				LastUpgradeCheck = 1130;
				ORGANIZATIONNAME = wimes;
				TargetAttributes = {
					828E81852428842500DF3051 = {
						CreatedOnToolsVersion = 11.3.1;
					};
				};
			};
			buildConfigurationList = 828E81812428842500DF3051 /* Build configuration list for PBXProject "FirebaseTutorial" */;
			compatibilityVersion = "Xcode 9.3";
			developmentRegion = en;
			hasScannedForEncodings = 0;
			knownRegions = (
				en,
				Base,
			);
			mainGroup = 828E817D2428842500DF3051;
			productRefGroup = 828E81872428842500DF3051 /* Products */;
			projectDirPath = "";
			projectRoot = "";
			targets = (
				828E81852428842500DF3051 /* FirebaseTutorial */,
			);
		};
/* End PBXProject section */

/* Begin PBXResourcesBuildPhase section */
		828E81842428842500DF3051 /* Resources */ = {
			isa = PBXResourcesBuildPhase;
			buildActionMask = 2147483647;
			files = (
				828E81962428842700DF3051 /* LaunchScreen.storyboard in Resources */,
				82011F4124289B14004FAFF0 /* GoogleService-Info.plist in Resources */,
				828E81932428842700DF3051 /* Preview Assets.xcassets in Resources */,
				828E81902428842700DF3051 /* Assets.xcassets in Resources */,
			);
			runOnlyForDeploymentPostprocessing = 0;
		};
/* End PBXResourcesBuildPhase section */

/* Begin PBXShellScriptBuildPhase section */
		2E6C064052E00DB8DD67D279 /* [CP] Check Pods Manifest.lock */ = {
			isa = PBXShellScriptBuildPhase;
			buildActionMask = 2147483647;
			files = (
			);
			inputFileListPaths = (
			);
			inputPaths = (
				"${PODS_PODFILE_DIR_PATH}/Podfile.lock",
				"${PODS_ROOT}/Manifest.lock",
			);
			name = "[CP] Check Pods Manifest.lock";
			outputFileListPaths = (
			);
			outputPaths = (
				"$(DERIVED_FILE_DIR)/Pods-FirebaseTutorial-checkManifestLockResult.txt",
			);
			runOnlyForDeploymentPostprocessing = 0;
			shellPath = /bin/sh;
			shellScript = "diff \"${PODS_PODFILE_DIR_PATH}/Podfile.lock\" \"${PODS_ROOT}/Manifest.lock\" > /dev/null\nif [ $? != 0 ] ; then\n    # print error to STDERR\n    echo \"error: The sandbox is not in sync with the Podfile.lock. Run 'pod install' or update your CocoaPods installation.\" >&2\n    exit 1\nfi\n# This output is used by Xcode 'outputs' to avoid re-running this script phase.\necho \"SUCCESS\" > \"${SCRIPT_OUTPUT_FILE_0}\"\n";
			showEnvVarsInLog = 0;
		};
		629C465AD320E5AB0663E00A /* [CP] Embed Pods Frameworks */ = {
			isa = PBXShellScriptBuildPhase;
			buildActionMask = 2147483647;
			files = (
			);
			inputFileListPaths = (
				"${PODS_ROOT}/Target Support Files/Pods-FirebaseTutorial/Pods-FirebaseTutorial-frameworks-${CONFIGURATION}-input-files.xcfilelist",
			);
			name = "[CP] Embed Pods Frameworks";
			outputFileListPaths = (
				"${PODS_ROOT}/Target Support Files/Pods-FirebaseTutorial/Pods-FirebaseTutorial-frameworks-${CONFIGURATION}-output-files.xcfilelist",
			);
			runOnlyForDeploymentPostprocessing = 0;
			shellPath = /bin/sh;
			shellScript = "\"${PODS_ROOT}/Target Support Files/Pods-FirebaseTutorial/Pods-FirebaseTutorial-frameworks.sh\"\n";
			showEnvVarsInLog = 0;
		};
/* End PBXShellScriptBuildPhase section */

/* Begin PBXSourcesBuildPhase section */
		828E81822428842500DF3051 /* Sources */ = {
			isa = PBXSourcesBuildPhase;
			buildActionMask = 2147483647;
			files = (
				828E818A2428842500DF3051 /* AppDelegate.swift in Sources */,
				828E818C2428842500DF3051 /* SceneDelegate.swift in Sources */,
				828E818E2428842500DF3051 /* ContentView.swift in Sources */,
			);
			runOnlyForDeploymentPostprocessing = 0;
		};
/* End PBXSourcesBuildPhase section */

/* Begin PBXVariantGroup section */
		828E81942428842700DF3051 /* LaunchScreen.storyboard */ = {
			isa = PBXVariantGroup;
			children = (
				828E81952428842700DF3051 /* Base */,
			);
			name = LaunchScreen.storyboard;
			sourceTree = "<group>";
		};
/* End PBXVariantGroup section */

/* Begin XCBuildConfiguration section */
		828E81982428842700DF3051 /* Debug */ = {
			isa = XCBuildConfiguration;
			buildSettings = {
				ALWAYS_SEARCH_USER_PATHS = NO;
				CLANG_ANALYZER_NONNULL = YES;
				CLANG_ANALYZER_NUMBER_OBJECT_CONVERSION = YES_AGGRESSIVE;
				CLANG_CXX_LANGUAGE_STANDARD = "gnu++14";
				CLANG_CXX_LIBRARY = "libc++";
				CLANG_ENABLE_MODULES = YES;
				CLANG_ENABLE_OBJC_ARC = YES;
				CLANG_ENABLE_OBJC_WEAK = YES;
				CLANG_WARN_BLOCK_CAPTURE_AUTORELEASING = YES;
				CLANG_WARN_BOOL_CONVERSION = YES;
				CLANG_WARN_COMMA = YES;
				CLANG_WARN_CONSTANT_CONVERSION = YES;
				CLANG_WARN_DEPRECATED_OBJC_IMPLEMENTATIONS = YES;
				CLANG_WARN_DIRECT_OBJC_ISA_USAGE = YES_ERROR;
				CLANG_WARN_DOCUMENTATION_COMMENTS = YES;
				CLANG_WARN_EMPTY_BODY = YES;
				CLANG_WARN_ENUM_CONVERSION = YES;
				CLANG_WARN_INFINITE_RECURSION = YES;
				CLANG_WARN_INT_CONVERSION = YES;
				CLANG_WARN_NON_LITERAL_NULL_CONVERSION = YES;
				CLANG_WARN_OBJC_IMPLICIT_RETAIN_SELF = YES;
				CLANG_WARN_OBJC_LITERAL_CONVERSION = YES;
				CLANG_WARN_OBJC_ROOT_CLASS = YES_ERROR;
				CLANG_WARN_RANGE_LOOP_ANALYSIS = YES;
				CLANG_WARN_STRICT_PROTOTYPES = YES;
				CLANG_WARN_SUSPICIOUS_MOVE = YES;
				CLANG_WARN_UNGUARDED_AVAILABILITY = YES_AGGRESSIVE;
				CLANG_WARN_UNREACHABLE_CODE = YES;
				CLANG_WARN__DUPLICATE_METHOD_MATCH = YES;
				COPY_PHASE_STRIP = NO;
				DEBUG_INFORMATION_FORMAT = dwarf;
				ENABLE_STRICT_OBJC_MSGSEND = YES;
				ENABLE_TESTABILITY = YES;
				GCC_C_LANGUAGE_STANDARD = gnu11;
				GCC_DYNAMIC_NO_PIC = NO;
				GCC_NO_COMMON_BLOCKS = YES;
				GCC_OPTIMIZATION_LEVEL = 0;
				GCC_PREPROCESSOR_DEFINITIONS = (
					"DEBUG=1",
					"$(inherited)",
				);
				GCC_WARN_64_TO_32_BIT_CONVERSION = YES;
				GCC_WARN_ABOUT_RETURN_TYPE = YES_ERROR;
				GCC_WARN_UNDECLARED_SELECTOR = YES;
				GCC_WARN_UNINITIALIZED_AUTOS = YES_AGGRESSIVE;
				GCC_WARN_UNUSED_FUNCTION = YES;
				GCC_WARN_UNUSED_VARIABLE = YES;
				IPHONEOS_DEPLOYMENT_TARGET = 13.2;
				MTL_ENABLE_DEBUG_INFO = INCLUDE_SOURCE;
				MTL_FAST_MATH = YES;
				ONLY_ACTIVE_ARCH = YES;
				SDKROOT = iphoneos;
				SWIFT_ACTIVE_COMPILATION_CONDITIONS = DEBUG;
				SWIFT_OPTIMIZATION_LEVEL = "-Onone";
			};
			name = Debug;
		};
		828E81992428842700DF3051 /* Release */ = {
			isa = XCBuildConfiguration;
			buildSettings = {
				ALWAYS_SEARCH_USER_PATHS = NO;
				CLANG_ANALYZER_NONNULL = YES;
				CLANG_ANALYZER_NUMBER_OBJECT_CONVERSION = YES_AGGRESSIVE;
				CLANG_CXX_LANGUAGE_STANDARD = "gnu++14";
				CLANG_CXX_LIBRARY = "libc++";
				CLANG_ENABLE_MODULES = YES;
				CLANG_ENABLE_OBJC_ARC = YES;
				CLANG_ENABLE_OBJC_WEAK = YES;
				CLANG_WARN_BLOCK_CAPTURE_AUTORELEASING = YES;
				CLANG_WARN_BOOL_CONVERSION = YES;
				CLANG_WARN_COMMA = YES;
				CLANG_WARN_CONSTANT_CONVERSION = YES;
				CLANG_WARN_DEPRECATED_OBJC_IMPLEMENTATIONS = YES;
				CLANG_WARN_DIRECT_OBJC_ISA_USAGE = YES_ERROR;
				CLANG_WARN_DOCUMENTATION_COMMENTS = YES;
				CLANG_WARN_EMPTY_BODY = YES;
				CLANG_WARN_ENUM_CONVERSION = YES;
				CLANG_WARN_INFINITE_RECURSION = YES;
				CLANG_WARN_INT_CONVERSION = YES;
				CLANG_WARN_NON_LITERAL_NULL_CONVERSION = YES;
				CLANG_WARN_OBJC_IMPLICIT_RETAIN_SELF = YES;
				CLANG_WARN_OBJC_LITERAL_CONVERSION = YES;
				CLANG_WARN_OBJC_ROOT_CLASS = YES_ERROR;
				CLANG_WARN_RANGE_LOOP_ANALYSIS = YES;
				CLANG_WARN_STRICT_PROTOTYPES = YES;
				CLANG_WARN_SUSPICIOUS_MOVE = YES;
				CLANG_WARN_UNGUARDED_AVAILABILITY = YES_AGGRESSIVE;
				CLANG_WARN_UNREACHABLE_CODE = YES;
				CLANG_WARN__DUPLICATE_METHOD_MATCH = YES;
				COPY_PHASE_STRIP = NO;
				DEBUG_INFORMATION_FORMAT = "dwarf-with-dsym";
				ENABLE_NS_ASSERTIONS = NO;
				ENABLE_STRICT_OBJC_MSGSEND = YES;
				GCC_C_LANGUAGE_STANDARD = gnu11;
				GCC_NO_COMMON_BLOCKS = YES;
				GCC_WARN_64_TO_32_BIT_CONVERSION = YES;
				GCC_WARN_ABOUT_RETURN_TYPE = YES_ERROR;
				GCC_WARN_UNDECLARED_SELECTOR = YES;
				GCC_WARN_UNINITIALIZED_AUTOS = YES_AGGRESSIVE;
				GCC_WARN_UNUSED_FUNCTION = YES;
				GCC_WARN_UNUSED_VARIABLE = YES;
				IPHONEOS_DEPLOYMENT_TARGET = 13.2;
				MTL_ENABLE_DEBUG_INFO = NO;
				MTL_FAST_MATH = YES;
				SDKROOT = iphoneos;
				SWIFT_COMPILATION_MODE = wholemodule;
				SWIFT_OPTIMIZATION_LEVEL = "-O";
				VALIDATE_PRODUCT = YES;
			};
			name = Release;
		};
		828E819B2428842700DF3051 /* Debug */ = {
			isa = XCBuildConfiguration;
			baseConfigurationReference = 53B4057FDA3B48B84BBFFC46 /* Pods-FirebaseTutorial.debug.xcconfig */;
			buildSettings = {
				ASSETCATALOG_COMPILER_APPICON_NAME = AppIcon;
				CODE_SIGN_STYLE = Automatic;
				DEVELOPMENT_ASSET_PATHS = "\"FirebaseTutorial/Preview Content\"";
				DEVELOPMENT_TEAM = HBZLH8M85C;
				ENABLE_PREVIEWS = YES;
				INFOPLIST_FILE = FirebaseTutorial/Info.plist;
				LD_RUNPATH_SEARCH_PATHS = (
					"$(inherited)",
					"@executable_path/Frameworks",
				);
				PRODUCT_BUNDLE_IDENTIFIER = com.wimes.FirebaseTutorial;
				PRODUCT_NAME = "$(TARGET_NAME)";
				SWIFT_VERSION = 5.0;
				TARGETED_DEVICE_FAMILY = "1,2";
			};
			name = Debug;
		};
		828E819C2428842700DF3051 /* Release */ = {
			isa = XCBuildConfiguration;
			baseConfigurationReference = DD95F52725232653A4403D99 /* Pods-FirebaseTutorial.release.xcconfig */;
			buildSettings = {
				ASSETCATALOG_COMPILER_APPICON_NAME = AppIcon;
				CODE_SIGN_STYLE = Automatic;
				DEVELOPMENT_ASSET_PATHS = "\"FirebaseTutorial/Preview Content\"";
				DEVELOPMENT_TEAM = HBZLH8M85C;
				ENABLE_PREVIEWS = YES;
				INFOPLIST_FILE = FirebaseTutorial/Info.plist;
				LD_RUNPATH_SEARCH_PATHS = (
					"$(inherited)",
					"@executable_path/Frameworks",
				);
				PRODUCT_BUNDLE_IDENTIFIER = com.wimes.FirebaseTutorial;
				PRODUCT_NAME = "$(TARGET_NAME)";
				SWIFT_VERSION = 5.0;
				TARGETED_DEVICE_FAMILY = "1,2";
			};
			name = Release;
		};
/* End XCBuildConfiguration section */

/* Begin XCConfigurationList section */
		828E81812428842500DF3051 /* Build configuration list for PBXProject "FirebaseTutorial" */ = {
			isa = XCConfigurationList;
			buildConfigurations = (
				828E81982428842700DF3051 /* Debug */,
				828E81992428842700DF3051 /* Release */,
			);
			defaultConfigurationIsVisible = 0;
			defaultConfigurationName = Release;
		};
		828E819A2428842700DF3051 /* Build configuration list for PBXNativeTarget "FirebaseTutorial" */ = {
			isa = XCConfigurationList;
			buildConfigurations = (
				828E819B2428842700DF3051 /* Debug */,
				828E819C2428842700DF3051 /* Release */,
			);
			defaultConfigurationIsVisible = 0;
			defaultConfigurationName = Release;
		};
/* End XCConfigurationList section */
	};
	rootObject = 828E817E2428842500DF3051 /* Project object */;
}
